// !$*UTF8*$!
{
	archiveVersion = 1;
	classes = {
	};
	objectVersion = 50;
	objects = {

/* Begin PBXBuildFile section */
		7B02325A24607EDE00B9CAB9 /* AppDelegate.swift in Sources */ = {isa = PBXBuildFile; fileRef = 7B02325924607EDE00B9CAB9 /* AppDelegate.swift */; };
		7B02325C24607EDE00B9CAB9 /* SceneDelegate.swift in Sources */ = {isa = PBXBuildFile; fileRef = 7B02325B24607EDE00B9CAB9 /* SceneDelegate.swift */; };
		7B02325E24607EDE00B9CAB9 /* FirstController.swift in Sources */ = {isa = PBXBuildFile; fileRef = 7B02325D24607EDE00B9CAB9 /* FirstController.swift */; };
		7B02326124607EDE00B9CAB9 /* Main.storyboard in Resources */ = {isa = PBXBuildFile; fileRef = 7B02325F24607EDE00B9CAB9 /* Main.storyboard */; };
		7B02326324607EDF00B9CAB9 /* Assets.xcassets in Resources */ = {isa = PBXBuildFile; fileRef = 7B02326224607EDF00B9CAB9 /* Assets.xcassets */; };
		7B02326624607EDF00B9CAB9 /* LaunchScreen.storyboard in Resources */ = {isa = PBXBuildFile; fileRef = 7B02326424607EDF00B9CAB9 /* LaunchScreen.storyboard */; };
		7B02327124608C2100B9CAB9 /* QuestionViewController.swift in Sources */ = {isa = PBXBuildFile; fileRef = 7B02327024608C2100B9CAB9 /* QuestionViewController.swift */; };
		7B02327324608F3F00B9CAB9 /* QuestionModel.swift in Sources */ = {isa = PBXBuildFile; fileRef = 7B02327224608F3F00B9CAB9 /* QuestionModel.swift */; };
		7B02327624608F8100B9CAB9 /* DataManager.swift in Sources */ = {isa = PBXBuildFile; fileRef = 7B02327524608F8100B9CAB9 /* DataManager.swift */; };
		7B5106182461751A009F166D /* DataModel.xcdatamodeld in Sources */ = {isa = PBXBuildFile; fileRef = 7B5106162461751A009F166D /* DataModel.xcdatamodeld */; };
		7B51063D24617C70009F166D /* InfoTableViewController.swift in Sources */ = {isa = PBXBuildFile; fileRef = 7B51063C24617C70009F166D /* InfoTableViewController.swift */; };
		7B51063F24617CA1009F166D /* InfoCell.swift in Sources */ = {isa = PBXBuildFile; fileRef = 7B51063E24617CA1009F166D /* InfoCell.swift */; };
		7B5106452461A327009F166D /* Extensions.swift in Sources */ = {isa = PBXBuildFile; fileRef = 7B5106442461A327009F166D /* Extensions.swift */; };
/* End PBXBuildFile section */

/* Begin PBXFileReference section */
		7B02325624607EDE00B9CAB9 /* TriviaGame.app */ = {isa = PBXFileReference; explicitFileType = wrapper.application; includeInIndex = 0; path = TriviaGame.app; sourceTree = BUILT_PRODUCTS_DIR; };
		7B02325924607EDE00B9CAB9 /* AppDelegate.swift */ = {isa = PBXFileReference; lastKnownFileType = sourcecode.swift; path = AppDelegate.swift; sourceTree = "<group>"; };
		7B02325B24607EDE00B9CAB9 /* SceneDelegate.swift */ = {isa = PBXFileReference; lastKnownFileType = sourcecode.swift; path = SceneDelegate.swift; sourceTree = "<group>"; };
		7B02325D24607EDE00B9CAB9 /* FirstController.swift */ = {isa = PBXFileReference; lastKnownFileType = sourcecode.swift; path = FirstController.swift; sourceTree = "<group>"; };
		7B02326024607EDE00B9CAB9 /* Base */ = {isa = PBXFileReference; lastKnownFileType = file.storyboard; name = Base; path = Base.lproj/Main.storyboard; sourceTree = "<group>"; };
		7B02326224607EDF00B9CAB9 /* Assets.xcassets */ = {isa = PBXFileReference; lastKnownFileType = folder.assetcatalog; path = Assets.xcassets; sourceTree = "<group>"; };
		7B02326524607EDF00B9CAB9 /* Base */ = {isa = PBXFileReference; lastKnownFileType = file.storyboard; name = Base; path = Base.lproj/LaunchScreen.storyboard; sourceTree = "<group>"; };
		7B02326724607EDF00B9CAB9 /* Info.plist */ = {isa = PBXFileReference; lastKnownFileType = text.plist.xml; path = Info.plist; sourceTree = "<group>"; };
		7B02327024608C2100B9CAB9 /* QuestionViewController.swift */ = {isa = PBXFileReference; lastKnownFileType = sourcecode.swift; path = QuestionViewController.swift; sourceTree = "<group>"; };
		7B02327224608F3F00B9CAB9 /* QuestionModel.swift */ = {isa = PBXFileReference; lastKnownFileType = sourcecode.swift; path = QuestionModel.swift; sourceTree = "<group>"; };
		7B02327524608F8100B9CAB9 /* DataManager.swift */ = {isa = PBXFileReference; lastKnownFileType = sourcecode.swift; path = DataManager.swift; sourceTree = "<group>"; };
		7B5106172461751A009F166D /* DataModel.xcdatamodel */ = {isa = PBXFileReference; lastKnownFileType = wrapper.xcdatamodel; path = DataModel.xcdatamodel; sourceTree = "<group>"; };
		7B51063C24617C70009F166D /* InfoTableViewController.swift */ = {isa = PBXFileReference; lastKnownFileType = sourcecode.swift; path = InfoTableViewController.swift; sourceTree = "<group>"; };
		7B51063E24617CA1009F166D /* InfoCell.swift */ = {isa = PBXFileReference; lastKnownFileType = sourcecode.swift; path = InfoCell.swift; sourceTree = "<group>"; };
		7B5106442461A327009F166D /* Extensions.swift */ = {isa = PBXFileReference; lastKnownFileType = sourcecode.swift; path = Extensions.swift; sourceTree = "<group>"; };
/* End PBXFileReference section */

/* Begin PBXFrameworksBuildPhase section */
		7B02325324607EDE00B9CAB9 /* Frameworks */ = {
			isa = PBXFrameworksBuildPhase;
			buildActionMask = 2147483647;
			files = (
			);
			runOnlyForDeploymentPostprocessing = 0;
		};
/* End PBXFrameworksBuildPhase section */

/* Begin PBXGroup section */
		7B02324D24607EDD00B9CAB9 = {
			isa = PBXGroup;
			children = (
				7B02325824607EDE00B9CAB9 /* TriviaGame */,
				7B02325724607EDE00B9CAB9 /* Products */,
			);
			sourceTree = "<group>";
		};
		7B02325724607EDE00B9CAB9 /* Products */ = {
			isa = PBXGroup;
			children = (
				7B02325624607EDE00B9CAB9 /* TriviaGame.app */,
			);
			name = Products;
			sourceTree = "<group>";
		};
		7B02325824607EDE00B9CAB9 /* TriviaGame */ = {
			isa = PBXGroup;
			children = (
				7B56DF212462C3010045822A /* Extensions */,
				7B02327424608F7000B9CAB9 /* Data */,
				7B02326F24608BED00B9CAB9 /* View */,
				7B02326E24608BE700B9CAB9 /* Model */,
				7B02326D24608BDE00B9CAB9 /* Controller */,
				7B02325924607EDE00B9CAB9 /* AppDelegate.swift */,
				7B02325B24607EDE00B9CAB9 /* SceneDelegate.swift */,
				7B02326224607EDF00B9CAB9 /* Assets.xcassets */,
				7B02326424607EDF00B9CAB9 /* LaunchScreen.storyboard */,
				7B02326724607EDF00B9CAB9 /* Info.plist */,
			);
			path = TriviaGame;
			sourceTree = "<group>";
		};
		7B02326D24608BDE00B9CAB9 /* Controller */ = {
			isa = PBXGroup;
			children = (
				7B02325D24607EDE00B9CAB9 /* FirstController.swift */,
				7B02327024608C2100B9CAB9 /* QuestionViewController.swift */,
				7B51063C24617C70009F166D /* InfoTableViewController.swift */,
				7B51063E24617CA1009F166D /* InfoCell.swift */,
			);
			path = Controller;
			sourceTree = "<group>";
		};
		7B02326E24608BE700B9CAB9 /* Model */ = {
			isa = PBXGroup;
			children = (
				7B5106162461751A009F166D /* DataModel.xcdatamodeld */,
				7B02327224608F3F00B9CAB9 /* QuestionModel.swift */,
			);
			path = Model;
			sourceTree = "<group>";
		};
		7B02326F24608BED00B9CAB9 /* View */ = {
			isa = PBXGroup;
			children = (
				7B02325F24607EDE00B9CAB9 /* Main.storyboard */,
			);
			path = View;
			sourceTree = "<group>";
		};
		7B02327424608F7000B9CAB9 /* Data */ = {
			isa = PBXGroup;
			children = (
				7B02327524608F8100B9CAB9 /* DataManager.swift */,
			);
			path = Data;
			sourceTree = "<group>";
		};
		7B56DF212462C3010045822A /* Extensions */ = {
			isa = PBXGroup;
			children = (
				7B5106442461A327009F166D /* Extensions.swift */,
			);
			path = Extensions;
			sourceTree = "<group>";
		};
/* End PBXGroup section */

/* Begin PBXNativeTarget section */
		7B02325524607EDE00B9CAB9 /* TriviaGame */ = {
			isa = PBXNativeTarget;
			buildConfigurationList = 7B02326A24607EDF00B9CAB9 /* Build configuration list for PBXNativeTarget "TriviaGame" */;
			buildPhases = (
				7B02325224607EDE00B9CAB9 /* Sources */,
				7B02325324607EDE00B9CAB9 /* Frameworks */,
				7B02325424607EDE00B9CAB9 /* Resources */,
			);
			buildRules = (
			);
			dependencies = (
			);
			name = TriviaGame;
			productName = TriviaGame;
			productReference = 7B02325624607EDE00B9CAB9 /* TriviaGame.app */;
			productType = "com.apple.product-type.application";
		};
/* End PBXNativeTarget section */

/* Begin PBXProject section */
		7B02324E24607EDD00B9CAB9 /* Project object */ = {
			isa = PBXProject;
			attributes = {
				LastSwiftUpdateCheck = 1140;
				LastUpgradeCheck = 1140;
				ORGANIZATIONNAME = "Toni De Gea";
				TargetAttributes = {
					7B02325524607EDE00B9CAB9 = {
						CreatedOnToolsVersion = 11.4;
					};
				};
			};
			buildConfigurationList = 7B02325124607EDD00B9CAB9 /* Build configuration list for PBXProject "TriviaGame" */;
			compatibilityVersion = "Xcode 9.3";
			developmentRegion = en;
			hasScannedForEncodings = 0;
			knownRegions = (
				en,
				Base,
			);
			mainGroup = 7B02324D24607EDD00B9CAB9;
			productRefGroup = 7B02325724607EDE00B9CAB9 /* Products */;
			projectDirPath = "";
			projectRoot = "";
			targets = (
				7B02325524607EDE00B9CAB9 /* TriviaGame */,
			);
		};
/* End PBXProject section */

/* Begin PBXResourcesBuildPhase section */
		7B02325424607EDE00B9CAB9 /* Resources */ = {
			isa = PBXResourcesBuildPhase;
			buildActionMask = 2147483647;
			files = (
				7B02326624607EDF00B9CAB9 /* LaunchScreen.storyboard in Resources */,
				7B02326324607EDF00B9CAB9 /* Assets.xcassets in Resources */,
				7B02326124607EDE00B9CAB9 /* Main.storyboard in Resources */,
			);
			runOnlyForDeploymentPostprocessing = 0;
		};
/* End PBXResourcesBuildPhase section */

/* Begin PBXSourcesBuildPhase section */
		7B02325224607EDE00B9CAB9 /* Sources */ = {
			isa = PBXSourcesBuildPhase;
			buildActionMask = 2147483647;
			files = (
				7B02325E24607EDE00B9CAB9 /* FirstController.swift in Sources */,
				7B02327624608F8100B9CAB9 /* DataManager.swift in Sources */,
				7B02325A24607EDE00B9CAB9 /* AppDelegate.swift in Sources */,
				7B51063D24617C70009F166D /* InfoTableViewController.swift in Sources */,
				7B5106182461751A009F166D /* DataModel.xcdatamodeld in Sources */,
				7B51063F24617CA1009F166D /* InfoCell.swift in Sources */,
				7B5106452461A327009F166D /* Extensions.swift in Sources */,
				7B02327124608C2100B9CAB9 /* QuestionViewController.swift in Sources */,
				7B02325C24607EDE00B9CAB9 /* SceneDelegate.swift in Sources */,
				7B02327324608F3F00B9CAB9 /* QuestionModel.swift in Sources */,
			);
			runOnlyForDeploymentPostprocessing = 0;
		};
/* End PBXSourcesBuildPhase section */

/* Begin PBXVariantGroup section */
		7B02325F24607EDE00B9CAB9 /* Main.storyboard */ = {
			isa = PBXVariantGroup;
			children = (
				7B02326024607EDE00B9CAB9 /* Base */,
			);
			name = Main.storyboard;
			sourceTree = "<group>";
		};
		7B02326424607EDF00B9CAB9 /* LaunchScreen.storyboard */ = {
			isa = PBXVariantGroup;
			children = (
				7B02326524607EDF00B9CAB9 /* Base */,
			);
			name = LaunchScreen.storyboard;
			sourceTree = "<group>";
		};
/* End PBXVariantGroup section */

/* Begin XCBuildConfiguration section */
		7B02326824607EDF00B9CAB9 /* Debug */ = {
			isa = XCBuildConfiguration;
			buildSettings = {
				ALWAYS_SEARCH_USER_PATHS = NO;
				CLANG_ANALYZER_NONNULL = YES;
				CLANG_ANALYZER_NUMBER_OBJECT_CONVERSION = YES_AGGRESSIVE;
				CLANG_CXX_LANGUAGE_STANDARD = "gnu++14";
				CLANG_CXX_LIBRARY = "libc++";
				CLANG_ENABLE_MODULES = YES;
				CLANG_ENABLE_OBJC_ARC = YES;
				CLANG_ENABLE_OBJC_WEAK = YES;
				CLANG_WARN_BLOCK_CAPTURE_AUTORELEASING = YES;
				CLANG_WARN_BOOL_CONVERSION = YES;
				CLANG_WARN_COMMA = YES;
				CLANG_WARN_CONSTANT_CONVERSION = YES;
				CLANG_WARN_DEPRECATED_OBJC_IMPLEMENTATIONS = YES;
				CLANG_WARN_DIRECT_OBJC_ISA_USAGE = YES_ERROR;
				CLANG_WARN_DOCUMENTATION_COMMENTS = YES;
				CLANG_WARN_EMPTY_BODY = YES;
				CLANG_WARN_ENUM_CONVERSION = YES;
				CLANG_WARN_INFINITE_RECURSION = YES;
				CLANG_WARN_INT_CONVERSION = YES;
				CLANG_WARN_NON_LITERAL_NULL_CONVERSION = YES;
				CLANG_WARN_OBJC_IMPLICIT_RETAIN_SELF = YES;
				CLANG_WARN_OBJC_LITERAL_CONVERSION = YES;
				CLANG_WARN_OBJC_ROOT_CLASS = YES_ERROR;
				CLANG_WARN_RANGE_LOOP_ANALYSIS = YES;
				CLANG_WARN_STRICT_PROTOTYPES = YES;
				CLANG_WARN_SUSPICIOUS_MOVE = YES;
				CLANG_WARN_UNGUARDED_AVAILABILITY = YES_AGGRESSIVE;
				CLANG_WARN_UNREACHABLE_CODE = YES;
				CLANG_WARN__DUPLICATE_METHOD_MATCH = YES;
				COPY_PHASE_STRIP = NO;
				DEBUG_INFORMATION_FORMAT = dwarf;
				ENABLE_STRICT_OBJC_MSGSEND = YES;
				ENABLE_TESTABILITY = YES;
				GCC_C_LANGUAGE_STANDARD = gnu11;
				GCC_DYNAMIC_NO_PIC = NO;
				GCC_NO_COMMON_BLOCKS = YES;
				GCC_OPTIMIZATION_LEVEL = 0;
				GCC_PREPROCESSOR_DEFINITIONS = (
					"DEBUG=1",
					"$(inherited)",
				);
				GCC_WARN_64_TO_32_BIT_CONVERSION = YES;
				GCC_WARN_ABOUT_RETURN_TYPE = YES_ERROR;
				GCC_WARN_UNDECLARED_SELECTOR = YES;
				GCC_WARN_UNINITIALIZED_AUTOS = YES_AGGRESSIVE;
				GCC_WARN_UNUSED_FUNCTION = YES;
				GCC_WARN_UNUSED_VARIABLE = YES;
				IPHONEOS_DEPLOYMENT_TARGET = 13.4;
				MTL_ENABLE_DEBUG_INFO = INCLUDE_SOURCE;
				MTL_FAST_MATH = YES;
				ONLY_ACTIVE_ARCH = YES;
				SDKROOT = iphoneos;
				SWIFT_ACTIVE_COMPILATION_CONDITIONS = DEBUG;
				SWIFT_OPTIMIZATION_LEVEL = "-Onone";
			};
			name = Debug;
		};
		7B02326924607EDF00B9CAB9 /* Release */ = {
			isa = XCBuildConfiguration;
			buildSettings = {
				ALWAYS_SEARCH_USER_PATHS = NO;
				CLANG_ANALYZER_NONNULL = YES;
				CLANG_ANALYZER_NUMBER_OBJECT_CONVERSION = YES_AGGRESSIVE;
				CLANG_CXX_LANGUAGE_STANDARD = "gnu++14";
				CLANG_CXX_LIBRARY = "libc++";
				CLANG_ENABLE_MODULES = YES;
				CLANG_ENABLE_OBJC_ARC = YES;
				CLANG_ENABLE_OBJC_WEAK = YES;
				CLANG_WARN_BLOCK_CAPTURE_AUTORELEASING = YES;
				CLANG_WARN_BOOL_CONVERSION = YES;
				CLANG_WARN_COMMA = YES;
				CLANG_WARN_CONSTANT_CONVERSION = YES;
				CLANG_WARN_DEPRECATED_OBJC_IMPLEMENTATIONS = YES;
				CLANG_WARN_DIRECT_OBJC_ISA_USAGE = YES_ERROR;
				CLANG_WARN_DOCUMENTATION_COMMENTS = YES;
				CLANG_WARN_EMPTY_BODY = YES;
				CLANG_WARN_ENUM_CONVERSION = YES;
				CLANG_WARN_INFINITE_RECURSION = YES;
				CLANG_WARN_INT_CONVERSION = YES;
				CLANG_WARN_NON_LITERAL_NULL_CONVERSION = YES;
				CLANG_WARN_OBJC_IMPLICIT_RETAIN_SELF = YES;
				CLANG_WARN_OBJC_LITERAL_CONVERSION = YES;
				CLANG_WARN_OBJC_ROOT_CLASS = YES_ERROR;
				CLANG_WARN_RANGE_LOOP_ANALYSIS = YES;
				CLANG_WARN_STRICT_PROTOTYPES = YES;
				CLANG_WARN_SUSPICIOUS_MOVE = YES;
				CLANG_WARN_UNGUARDED_AVAILABILITY = YES_AGGRESSIVE;
				CLANG_WARN_UNREACHABLE_CODE = YES;
				CLANG_WARN__DUPLICATE_METHOD_MATCH = YES;
				COPY_PHASE_STRIP = NO;
				DEBUG_INFORMATION_FORMAT = "dwarf-with-dsym";
				ENABLE_NS_ASSERTIONS = NO;
				ENABLE_STRICT_OBJC_MSGSEND = YES;
				GCC_C_LANGUAGE_STANDARD = gnu11;
				GCC_NO_COMMON_BLOCKS = YES;
				GCC_WARN_64_TO_32_BIT_CONVERSION = YES;
				GCC_WARN_ABOUT_RETURN_TYPE = YES_ERROR;
				GCC_WARN_UNDECLARED_SELECTOR = YES;
				GCC_WARN_UNINITIALIZED_AUTOS = YES_AGGRESSIVE;
				GCC_WARN_UNUSED_FUNCTION = YES;
				GCC_WARN_UNUSED_VARIABLE = YES;
				IPHONEOS_DEPLOYMENT_TARGET = 13.4;
				MTL_ENABLE_DEBUG_INFO = NO;
				MTL_FAST_MATH = YES;
				SDKROOT = iphoneos;
				SWIFT_COMPILATION_MODE = wholemodule;
				SWIFT_OPTIMIZATION_LEVEL = "-O";
				VALIDATE_PRODUCT = YES;
			};
			name = Release;
		};
		7B02326B24607EDF00B9CAB9 /* Debug */ = {
			isa = XCBuildConfiguration;
			buildSettings = {
				ASSETCATALOG_COMPILER_APPICON_NAME = AppIcon;
				CODE_SIGN_STYLE = Automatic;
				DEVELOPMENT_TEAM = WVR9R599NX;
				INFOPLIST_FILE = TriviaGame/Info.plist;
				LD_RUNPATH_SEARCH_PATHS = (
					"$(inherited)",
					"@executable_path/Frameworks",
				);
				PRODUCT_BUNDLE_IDENTIFIER = com.ToniDeGea.TriviaGame;
				PRODUCT_NAME = "$(TARGET_NAME)";
				SWIFT_VERSION = 5.0;
				TARGETED_DEVICE_FAMILY = "1,2";
			};
			name = Debug;
		};
		7B02326C24607EDF00B9CAB9 /* Release */ = {
			isa = XCBuildConfiguration;
			buildSettings = {
				ASSETCATALOG_COMPILER_APPICON_NAME = AppIcon;
				CODE_SIGN_STYLE = Automatic;
				DEVELOPMENT_TEAM = WVR9R599NX;
				INFOPLIST_FILE = TriviaGame/Info.plist;
				LD_RUNPATH_SEARCH_PATHS = (
					"$(inherited)",
					"@executable_path/Frameworks",
				);
				PRODUCT_BUNDLE_IDENTIFIER = com.ToniDeGea.TriviaGame;
				PRODUCT_NAME = "$(TARGET_NAME)";
				SWIFT_VERSION = 5.0;
				TARGETED_DEVICE_FAMILY = "1,2";
			};
			name = Release;
		};
/* End XCBuildConfiguration section */

/* Begin XCConfigurationList section */
		7B02325124607EDD00B9CAB9 /* Build configuration list for PBXProject "TriviaGame" */ = {
			isa = XCConfigurationList;
			buildConfigurations = (
				7B02326824607EDF00B9CAB9 /* Debug */,
				7B02326924607EDF00B9CAB9 /* Release */,
			);
			defaultConfigurationIsVisible = 0;
			defaultConfigurationName = Release;
		};
		7B02326A24607EDF00B9CAB9 /* Build configuration list for PBXNativeTarget "TriviaGame" */ = {
			isa = XCConfigurationList;
			buildConfigurations = (
				7B02326B24607EDF00B9CAB9 /* Debug */,
				7B02326C24607EDF00B9CAB9 /* Release */,
			);
			defaultConfigurationIsVisible = 0;
			defaultConfigurationName = Release;
		};
/* End XCConfigurationList section */

/* Begin XCVersionGroup section */
		7B5106162461751A009F166D /* DataModel.xcdatamodeld */ = {
			isa = XCVersionGroup;
			children = (
				7B5106172461751A009F166D /* DataModel.xcdatamodel */,
			);
			currentVersion = 7B5106172461751A009F166D /* DataModel.xcdatamodel */;
			path = DataModel.xcdatamodeld;
			sourceTree = "<group>";
			versionGroupType = wrapper.xcdatamodel;
		};
/* End XCVersionGroup section */
	};
	rootObject = 7B02324E24607EDD00B9CAB9 /* Project object */;
}
